{
  "nodes": {
    "nixpkgs": {
      "locked": {
        "lastModified": 1626554656,
        "narHash": "sha256-Mmuncp7f8NzEyFG2bmBKCVQ1poeEM1p0vyzP3HrU2zE=",
        "owner": "NixOS",
        "repo": "nixpkgs",
        "rev": "986276e7e985335c4cd577ba71146a44835e57ef",
        "type": "github"
      },
      "original": {
        "owner": "NixOS",
        "repo": "nixpkgs",
        "type": "github"
      }
    },
    "root": {
      "inputs": {
        "nixpkgs": "nixpkgs"
      }
    }
  },
  "root": "root",
  "version": 7
}
